// !$*UTF8*$!
{
	archiveVersion = 1;
	classes = {
	};
	objectVersion = 51;
	objects = {

/* Begin PBXBuildFile section */
		189227557AF5336A6A365347 /* Pods_Pin_It_Pin_ItUITests.framework in Frameworks */ = {isa = PBXBuildFile; fileRef = 72BFBE8A4F1EDDFDF50116F6 /* Pods_Pin_It_Pin_ItUITests.framework */; };
		5967F68426F2C5DA8A528977 /* Pods_Pin_ItTests.framework in Frameworks */ = {isa = PBXBuildFile; fileRef = A469CD5D4B904F65B55F1303 /* Pods_Pin_ItTests.framework */; };
		73013D0323C93C7B000817E4 /* Entry.swift in Sources */ = {isa = PBXBuildFile; fileRef = 73013D0223C93C7B000817E4 /* Entry.swift */; };
		73013D0523C93CA8000817E4 /* EntriesManager.swift in Sources */ = {isa = PBXBuildFile; fileRef = 73013D0423C93CA8000817E4 /* EntriesManager.swift */; };
		73013D1123C96426000817E4 /* MiniEntryView.xib in Resources */ = {isa = PBXBuildFile; fileRef = 73013D1023C96426000817E4 /* MiniEntryView.xib */; };
		73013D1323C9644A000817E4 /* MiniEntryViewModel.swift in Sources */ = {isa = PBXBuildFile; fileRef = 73013D1223C9644A000817E4 /* MiniEntryViewModel.swift */; };
		73013D1D23C970DD000817E4 /* UIImageExtension.swift in Sources */ = {isa = PBXBuildFile; fileRef = 73013D1C23C970DD000817E4 /* UIImageExtension.swift */; };
		731C07B523CB9C6600A64054 /* UITextViewPlaceholder.swift in Sources */ = {isa = PBXBuildFile; fileRef = 731C07B423CB9C6500A64054 /* UITextViewPlaceholder.swift */; };
		731C07B823CBBE2000A64054 /* QueryConfig.swift in Sources */ = {isa = PBXBuildFile; fileRef = 731C07B723CBBE2000A64054 /* QueryConfig.swift */; };
		731C07BA23CBCDA500A64054 /* AuthViewController.swift in Sources */ = {isa = PBXBuildFile; fileRef = 731C07B923CBCDA500A64054 /* AuthViewController.swift */; };
		731C07C023CBD6B900A64054 /* GoogleService-Info.plist in Resources */ = {isa = PBXBuildFile; fileRef = 731C07BF23CBD6B800A64054 /* GoogleService-Info.plist */; };
		732C024A23CB832C00A512FC /* DetailedEntryViewController.swift in Sources */ = {isa = PBXBuildFile; fileRef = 732C024923CB832C00A512FC /* DetailedEntryViewController.swift */; };
		732C024C23CB895C00A512FC /* UILabelExtension.swift in Sources */ = {isa = PBXBuildFile; fileRef = 732C024B23CB895C00A512FC /* UILabelExtension.swift */; };
		7341C9C423C995130019CC6B /* MiniEntryView.swift in Sources */ = {isa = PBXBuildFile; fileRef = 7341C9C323C995120019CC6B /* MiniEntryView.swift */; };
		7391DC7123C655110051A1B9 /* AppDelegate.swift in Sources */ = {isa = PBXBuildFile; fileRef = 7391DC7023C655110051A1B9 /* AppDelegate.swift */; };
		7391DC7523C655110051A1B9 /* MapViewController.swift in Sources */ = {isa = PBXBuildFile; fileRef = 7391DC7423C655110051A1B9 /* MapViewController.swift */; };
		7391DC7D23C655130051A1B9 /* Assets.xcassets in Resources */ = {isa = PBXBuildFile; fileRef = 7391DC7C23C655130051A1B9 /* Assets.xcassets */; };
		7391DC8023C655130051A1B9 /* LaunchScreen.storyboard in Resources */ = {isa = PBXBuildFile; fileRef = 7391DC7E23C655130051A1B9 /* LaunchScreen.storyboard */; };
		7391DC8B23C655130051A1B9 /* Pin_ItTests.swift in Sources */ = {isa = PBXBuildFile; fileRef = 7391DC8A23C655130051A1B9 /* Pin_ItTests.swift */; };
		7391DC9623C655130051A1B9 /* Pin_ItUITests.swift in Sources */ = {isa = PBXBuildFile; fileRef = 7391DC9523C655130051A1B9 /* Pin_ItUITests.swift */; };
		739638BE23C83E3200DB4D8B /* MakePostViewController.swift in Sources */ = {isa = PBXBuildFile; fileRef = 739638BD23C83E3200DB4D8B /* MakePostViewController.swift */; };
		7399026423CE190400A10A18 /* ProfileViewController.swift in Sources */ = {isa = PBXBuildFile; fileRef = 7399026323CE190400A10A18 /* ProfileViewController.swift */; };
		73E2A7972412E52300DA397B /* LocationRow.swift in Sources */ = {isa = PBXBuildFile; fileRef = 73E2A7962412E52300DA397B /* LocationRow.swift */; };
		73E2A8582412F99D00DA397B /* ImageRow.swift in Sources */ = {isa = PBXBuildFile; fileRef = 73E2A8562412F99D00DA397B /* ImageRow.swift */; };
		73E2A8592412F99D00DA397B /* ImagePickerController.swift in Sources */ = {isa = PBXBuildFile; fileRef = 73E2A8572412F99D00DA397B /* ImagePickerController.swift */; };
		73E4B5CD23CC15D300A2F636 /* Main.storyboard in Resources */ = {isa = PBXBuildFile; fileRef = 7391DC7623C655110051A1B9 /* Main.storyboard */; };
		B693FA7632D072302F36AFCD /* Pods_Pin_It.framework in Frameworks */ = {isa = PBXBuildFile; fileRef = 4D2728D40CEED548B3A95224 /* Pods_Pin_It.framework */; };
/* End PBXBuildFile section */

/* Begin PBXContainerItemProxy section */
		7391DC8723C655130051A1B9 /* PBXContainerItemProxy */ = {
			isa = PBXContainerItemProxy;
			containerPortal = 7391DC6523C655110051A1B9 /* Project object */;
			proxyType = 1;
			remoteGlobalIDString = 7391DC6C23C655110051A1B9;
			remoteInfo = "Pin It";
		};
		7391DC9223C655130051A1B9 /* PBXContainerItemProxy */ = {
			isa = PBXContainerItemProxy;
			containerPortal = 7391DC6523C655110051A1B9 /* Project object */;
			proxyType = 1;
			remoteGlobalIDString = 7391DC6C23C655110051A1B9;
			remoteInfo = "Pin It";
		};
/* End PBXContainerItemProxy section */

/* Begin PBXFileReference section */
		380576F1F6572B3C19292535 /* Pods-Pin It-Pin ItUITests.debug.xcconfig */ = {isa = PBXFileReference; includeInIndex = 1; lastKnownFileType = text.xcconfig; name = "Pods-Pin It-Pin ItUITests.debug.xcconfig"; path = "Target Support Files/Pods-Pin It-Pin ItUITests/Pods-Pin It-Pin ItUITests.debug.xcconfig"; sourceTree = "<group>"; };
		3BCC5DDABC02C46FE888AF18 /* Pods-Pin It.debug.xcconfig */ = {isa = PBXFileReference; includeInIndex = 1; lastKnownFileType = text.xcconfig; name = "Pods-Pin It.debug.xcconfig"; path = "Target Support Files/Pods-Pin It/Pods-Pin It.debug.xcconfig"; sourceTree = "<group>"; };
		4D2728D40CEED548B3A95224 /* Pods_Pin_It.framework */ = {isa = PBXFileReference; explicitFileType = wrapper.framework; includeInIndex = 0; path = Pods_Pin_It.framework; sourceTree = BUILT_PRODUCTS_DIR; };
		5921119ACDAA0C424EA818A2 /* Pods-Pin It-Pin ItUITests.release.xcconfig */ = {isa = PBXFileReference; includeInIndex = 1; lastKnownFileType = text.xcconfig; name = "Pods-Pin It-Pin ItUITests.release.xcconfig"; path = "Target Support Files/Pods-Pin It-Pin ItUITests/Pods-Pin It-Pin ItUITests.release.xcconfig"; sourceTree = "<group>"; };
		72BFBE8A4F1EDDFDF50116F6 /* Pods_Pin_It_Pin_ItUITests.framework */ = {isa = PBXFileReference; explicitFileType = wrapper.framework; includeInIndex = 0; path = Pods_Pin_It_Pin_ItUITests.framework; sourceTree = BUILT_PRODUCTS_DIR; };
		73013D0223C93C7B000817E4 /* Entry.swift */ = {isa = PBXFileReference; lastKnownFileType = sourcecode.swift; path = Entry.swift; sourceTree = "<group>"; };
		73013D0423C93CA8000817E4 /* EntriesManager.swift */ = {isa = PBXFileReference; lastKnownFileType = sourcecode.swift; path = EntriesManager.swift; sourceTree = "<group>"; };
		73013D1023C96426000817E4 /* MiniEntryView.xib */ = {isa = PBXFileReference; fileEncoding = 4; lastKnownFileType = file.xib; path = MiniEntryView.xib; sourceTree = "<group>"; };
		73013D1223C9644A000817E4 /* MiniEntryViewModel.swift */ = {isa = PBXFileReference; lastKnownFileType = sourcecode.swift; path = MiniEntryViewModel.swift; sourceTree = "<group>"; };
		73013D1C23C970DD000817E4 /* UIImageExtension.swift */ = {isa = PBXFileReference; fileEncoding = 4; lastKnownFileType = sourcecode.swift; path = UIImageExtension.swift; sourceTree = "<group>"; };
		731C07B423CB9C6500A64054 /* UITextViewPlaceholder.swift */ = {isa = PBXFileReference; fileEncoding = 4; lastKnownFileType = sourcecode.swift; path = UITextViewPlaceholder.swift; sourceTree = "<group>"; };
		731C07B723CBBE2000A64054 /* QueryConfig.swift */ = {isa = PBXFileReference; lastKnownFileType = sourcecode.swift; path = QueryConfig.swift; sourceTree = "<group>"; };
		731C07B923CBCDA500A64054 /* AuthViewController.swift */ = {isa = PBXFileReference; lastKnownFileType = sourcecode.swift; path = AuthViewController.swift; sourceTree = "<group>"; };
		731C07BF23CBD6B800A64054 /* GoogleService-Info.plist */ = {isa = PBXFileReference; fileEncoding = 4; lastKnownFileType = text.plist.xml; path = "GoogleService-Info.plist"; sourceTree = "<group>"; };
		732C024923CB832C00A512FC /* DetailedEntryViewController.swift */ = {isa = PBXFileReference; lastKnownFileType = sourcecode.swift; path = DetailedEntryViewController.swift; sourceTree = "<group>"; };
		732C024B23CB895C00A512FC /* UILabelExtension.swift */ = {isa = PBXFileReference; lastKnownFileType = sourcecode.swift; path = UILabelExtension.swift; sourceTree = "<group>"; };
		7341C9C323C995120019CC6B /* MiniEntryView.swift */ = {isa = PBXFileReference; fileEncoding = 4; lastKnownFileType = sourcecode.swift; path = MiniEntryView.swift; sourceTree = "<group>"; };
		7391DC6D23C655110051A1B9 /* Pin It.app */ = {isa = PBXFileReference; explicitFileType = wrapper.application; includeInIndex = 0; path = "Pin It.app"; sourceTree = BUILT_PRODUCTS_DIR; };
		7391DC7023C655110051A1B9 /* AppDelegate.swift */ = {isa = PBXFileReference; lastKnownFileType = sourcecode.swift; path = AppDelegate.swift; sourceTree = "<group>"; };
		7391DC7423C655110051A1B9 /* MapViewController.swift */ = {isa = PBXFileReference; lastKnownFileType = sourcecode.swift; path = MapViewController.swift; sourceTree = "<group>"; };
		7391DC7723C655110051A1B9 /* Base */ = {isa = PBXFileReference; lastKnownFileType = file.storyboard; name = Base; path = Base.lproj/Main.storyboard; sourceTree = "<group>"; };
		7391DC7C23C655130051A1B9 /* Assets.xcassets */ = {isa = PBXFileReference; lastKnownFileType = folder.assetcatalog; path = Assets.xcassets; sourceTree = "<group>"; };
		7391DC7F23C655130051A1B9 /* Base */ = {isa = PBXFileReference; lastKnownFileType = file.storyboard; name = Base; path = Base.lproj/LaunchScreen.storyboard; sourceTree = "<group>"; };
		7391DC8123C655130051A1B9 /* Info.plist */ = {isa = PBXFileReference; lastKnownFileType = text.plist.xml; path = Info.plist; sourceTree = "<group>"; };
		7391DC8623C655130051A1B9 /* Pin ItTests.xctest */ = {isa = PBXFileReference; explicitFileType = wrapper.cfbundle; includeInIndex = 0; path = "Pin ItTests.xctest"; sourceTree = BUILT_PRODUCTS_DIR; };
		7391DC8A23C655130051A1B9 /* Pin_ItTests.swift */ = {isa = PBXFileReference; lastKnownFileType = sourcecode.swift; path = Pin_ItTests.swift; sourceTree = "<group>"; };
		7391DC8C23C655130051A1B9 /* Info.plist */ = {isa = PBXFileReference; lastKnownFileType = text.plist.xml; path = Info.plist; sourceTree = "<group>"; };
		7391DC9123C655130051A1B9 /* Pin ItUITests.xctest */ = {isa = PBXFileReference; explicitFileType = wrapper.cfbundle; includeInIndex = 0; path = "Pin ItUITests.xctest"; sourceTree = BUILT_PRODUCTS_DIR; };
		7391DC9523C655130051A1B9 /* Pin_ItUITests.swift */ = {isa = PBXFileReference; lastKnownFileType = sourcecode.swift; path = Pin_ItUITests.swift; sourceTree = "<group>"; };
		7391DC9723C655130051A1B9 /* Info.plist */ = {isa = PBXFileReference; lastKnownFileType = text.plist.xml; path = Info.plist; sourceTree = "<group>"; };
		739638BD23C83E3200DB4D8B /* MakePostViewController.swift */ = {isa = PBXFileReference; lastKnownFileType = sourcecode.swift; path = MakePostViewController.swift; sourceTree = "<group>"; };
		7399026323CE190400A10A18 /* ProfileViewController.swift */ = {isa = PBXFileReference; lastKnownFileType = sourcecode.swift; path = ProfileViewController.swift; sourceTree = "<group>"; };
		73E2A7962412E52300DA397B /* LocationRow.swift */ = {isa = PBXFileReference; fileEncoding = 4; lastKnownFileType = sourcecode.swift; path = LocationRow.swift; sourceTree = "<group>"; };
		73E2A8562412F99D00DA397B /* ImageRow.swift */ = {isa = PBXFileReference; fileEncoding = 4; lastKnownFileType = sourcecode.swift; path = ImageRow.swift; sourceTree = "<group>"; };
		73E2A8572412F99D00DA397B /* ImagePickerController.swift */ = {isa = PBXFileReference; fileEncoding = 4; lastKnownFileType = sourcecode.swift; path = ImagePickerController.swift; sourceTree = "<group>"; };
		A469CD5D4B904F65B55F1303 /* Pods_Pin_ItTests.framework */ = {isa = PBXFileReference; explicitFileType = wrapper.framework; includeInIndex = 0; path = Pods_Pin_ItTests.framework; sourceTree = BUILT_PRODUCTS_DIR; };
		B1ECC99E4C6AC49DF6334AF0 /* Pods-Pin It.release.xcconfig */ = {isa = PBXFileReference; includeInIndex = 1; lastKnownFileType = text.xcconfig; name = "Pods-Pin It.release.xcconfig"; path = "Target Support Files/Pods-Pin It/Pods-Pin It.release.xcconfig"; sourceTree = "<group>"; };
		F61C2F0E7D0CEA337BC6DB5D /* Pods-Pin ItTests.release.xcconfig */ = {isa = PBXFileReference; includeInIndex = 1; lastKnownFileType = text.xcconfig; name = "Pods-Pin ItTests.release.xcconfig"; path = "Target Support Files/Pods-Pin ItTests/Pods-Pin ItTests.release.xcconfig"; sourceTree = "<group>"; };
		FB68E580FC81E01D9D29A5AA /* Pods-Pin ItTests.debug.xcconfig */ = {isa = PBXFileReference; includeInIndex = 1; lastKnownFileType = text.xcconfig; name = "Pods-Pin ItTests.debug.xcconfig"; path = "Target Support Files/Pods-Pin ItTests/Pods-Pin ItTests.debug.xcconfig"; sourceTree = "<group>"; };
/* End PBXFileReference section */

/* Begin PBXFrameworksBuildPhase section */
		7391DC6A23C655110051A1B9 /* Frameworks */ = {
			isa = PBXFrameworksBuildPhase;
			buildActionMask = 2147483647;
			files = (
				B693FA7632D072302F36AFCD /* Pods_Pin_It.framework in Frameworks */,
			);
			runOnlyForDeploymentPostprocessing = 0;
		};
		7391DC8323C655130051A1B9 /* Frameworks */ = {
			isa = PBXFrameworksBuildPhase;
			buildActionMask = 2147483647;
			files = (
				5967F68426F2C5DA8A528977 /* Pods_Pin_ItTests.framework in Frameworks */,
			);
			runOnlyForDeploymentPostprocessing = 0;
		};
		7391DC8E23C655130051A1B9 /* Frameworks */ = {
			isa = PBXFrameworksBuildPhase;
			buildActionMask = 2147483647;
			files = (
				189227557AF5336A6A365347 /* Pods_Pin_It_Pin_ItUITests.framework in Frameworks */,
			);
			runOnlyForDeploymentPostprocessing = 0;
		};
/* End PBXFrameworksBuildPhase section */

/* Begin PBXGroup section */
		556DC129870ECA4B29BAFB77 /* Frameworks */ = {
			isa = PBXGroup;
			children = (
				4D2728D40CEED548B3A95224 /* Pods_Pin_It.framework */,
				72BFBE8A4F1EDDFDF50116F6 /* Pods_Pin_It_Pin_ItUITests.framework */,
				A469CD5D4B904F65B55F1303 /* Pods_Pin_ItTests.framework */,
			);
			name = Frameworks;
			sourceTree = "<group>";
		};
		73013D0923C961BE000817E4 /* Storyboards */ = {
			isa = PBXGroup;
			children = (
				7391DC7623C655110051A1B9 /* Main.storyboard */,
				7391DC7E23C655130051A1B9 /* LaunchScreen.storyboard */,
				73013D1023C96426000817E4 /* MiniEntryView.xib */,
			);
			path = Storyboards;
			sourceTree = "<group>";
		};
		73013D1423C965CE000817E4 /* Mini Views */ = {
			isa = PBXGroup;
			children = (
				7341C9C323C995120019CC6B /* MiniEntryView.swift */,
			);
			path = "Mini Views";
			sourceTree = "<group>";
		};
		73013D1B23C970D0000817E4 /* Extensions */ = {
			isa = PBXGroup;
			children = (
				731C07B423CB9C6500A64054 /* UITextViewPlaceholder.swift */,
				732C024B23CB895C00A512FC /* UILabelExtension.swift */,
				73013D1C23C970DD000817E4 /* UIImageExtension.swift */,
			);
			path = Extensions;
			sourceTree = "<group>";
		};
		73013D2923C986CB000817E4 /* Delegates */ = {
			isa = PBXGroup;
			children = (
				7391DC7023C655110051A1B9 /* AppDelegate.swift */,
			);
			path = Delegates;
			sourceTree = "<group>";
		};
		730A785423C8DCD000EED69B /* Helper Classes */ = {
			isa = PBXGroup;
			children = (
				73013D0223C93C7B000817E4 /* Entry.swift */,
				73013D0423C93CA8000817E4 /* EntriesManager.swift */,
				73013D1223C9644A000817E4 /* MiniEntryViewModel.swift */,
			);
			path = "Helper Classes";
			sourceTree = "<group>";
		};
		731C07B623CBBDF400A64054 /* Config */ = {
			isa = PBXGroup;
			children = (
				731C07B723CBBE2000A64054 /* QueryConfig.swift */,
			);
			path = Config;
			sourceTree = "<group>";
		};
		7391DC6423C655110051A1B9 = {
			isa = PBXGroup;
			children = (
				7391DC6F23C655110051A1B9 /* Pin It */,
				7391DC8923C655130051A1B9 /* Pin ItTests */,
				7391DC9423C655130051A1B9 /* Pin ItUITests */,
				7391DC6E23C655110051A1B9 /* Products */,
				C8D916F76AAD23D60F80D487 /* Pods */,
				556DC129870ECA4B29BAFB77 /* Frameworks */,
			);
			sourceTree = "<group>";
		};
		7391DC6E23C655110051A1B9 /* Products */ = {
			isa = PBXGroup;
			children = (
				7391DC6D23C655110051A1B9 /* Pin It.app */,
				7391DC8623C655130051A1B9 /* Pin ItTests.xctest */,
				7391DC9123C655130051A1B9 /* Pin ItUITests.xctest */,
			);
			name = Products;
			sourceTree = "<group>";
		};
		7391DC6F23C655110051A1B9 /* Pin It */ = {
			isa = PBXGroup;
			children = (
				73E2A7952412E50600DA397B /* Eureka Custom Rows */,
				731C07B623CBBDF400A64054 /* Config */,
				73013D2923C986CB000817E4 /* Delegates */,
				730A785423C8DCD000EED69B /* Helper Classes */,
				739638BF23C83E4600DB4D8B /* Main View Controllers */,
				73013D1423C965CE000817E4 /* Mini Views */,
				73013D0923C961BE000817E4 /* Storyboards */,
				73013D1B23C970D0000817E4 /* Extensions */,
				7391DC7C23C655130051A1B9 /* Assets.xcassets */,
				7391DC8123C655130051A1B9 /* Info.plist */,
				731C07BF23CBD6B800A64054 /* GoogleService-Info.plist */,
			);
			path = "Pin It";
			sourceTree = "<group>";
		};
		7391DC8923C655130051A1B9 /* Pin ItTests */ = {
			isa = PBXGroup;
			children = (
				7391DC8A23C655130051A1B9 /* Pin_ItTests.swift */,
				7391DC8C23C655130051A1B9 /* Info.plist */,
			);
			path = "Pin ItTests";
			sourceTree = "<group>";
		};
		7391DC9423C655130051A1B9 /* Pin ItUITests */ = {
			isa = PBXGroup;
			children = (
				7391DC9523C655130051A1B9 /* Pin_ItUITests.swift */,
				7391DC9723C655130051A1B9 /* Info.plist */,
			);
			path = "Pin ItUITests";
			sourceTree = "<group>";
		};
		739638BF23C83E4600DB4D8B /* Main View Controllers */ = {
			isa = PBXGroup;
			children = (
				731C07B923CBCDA500A64054 /* AuthViewController.swift */,
				7391DC7423C655110051A1B9 /* MapViewController.swift */,
				739638BD23C83E3200DB4D8B /* MakePostViewController.swift */,
				732C024923CB832C00A512FC /* DetailedEntryViewController.swift */,
				7399026323CE190400A10A18 /* ProfileViewController.swift */,
			);
			path = "Main View Controllers";
			sourceTree = "<group>";
		};
		73E2A7952412E50600DA397B /* Eureka Custom Rows */ = {
			isa = PBXGroup;
			children = (
				73E2A8572412F99D00DA397B /* ImagePickerController.swift */,
				73E2A8562412F99D00DA397B /* ImageRow.swift */,
				73E2A7962412E52300DA397B /* LocationRow.swift */,
			);
			path = "Eureka Custom Rows";
			sourceTree = "<group>";
		};
		C8D916F76AAD23D60F80D487 /* Pods */ = {
			isa = PBXGroup;
			children = (
				3BCC5DDABC02C46FE888AF18 /* Pods-Pin It.debug.xcconfig */,
				B1ECC99E4C6AC49DF6334AF0 /* Pods-Pin It.release.xcconfig */,
				380576F1F6572B3C19292535 /* Pods-Pin It-Pin ItUITests.debug.xcconfig */,
				5921119ACDAA0C424EA818A2 /* Pods-Pin It-Pin ItUITests.release.xcconfig */,
				FB68E580FC81E01D9D29A5AA /* Pods-Pin ItTests.debug.xcconfig */,
				F61C2F0E7D0CEA337BC6DB5D /* Pods-Pin ItTests.release.xcconfig */,
			);
			path = Pods;
			sourceTree = "<group>";
		};
/* End PBXGroup section */

/* Begin PBXNativeTarget section */
		7391DC6C23C655110051A1B9 /* Pin It */ = {
			isa = PBXNativeTarget;
			buildConfigurationList = 7391DC9A23C655130051A1B9 /* Build configuration list for PBXNativeTarget "Pin It" */;
			buildPhases = (
				06CAEEAD5BAC31EEF79A5EAF /* [CP] Check Pods Manifest.lock */,
				7391DC6923C655110051A1B9 /* Sources */,
				7391DC6A23C655110051A1B9 /* Frameworks */,
				7391DC6B23C655110051A1B9 /* Resources */,
				D54BC8551AAE0E1A4CA7817D /* [CP] Embed Pods Frameworks */,
				5AD8BF7B7AF86C190E0ADFD8 /* [CP] Copy Pods Resources */,
			);
			buildRules = (
			);
			dependencies = (
			);
			name = "Pin It";
			productName = "Pin It";
			productReference = 7391DC6D23C655110051A1B9 /* Pin It.app */;
			productType = "com.apple.product-type.application";
		};
		7391DC8523C655130051A1B9 /* Pin ItTests */ = {
			isa = PBXNativeTarget;
			buildConfigurationList = 7391DC9D23C655130051A1B9 /* Build configuration list for PBXNativeTarget "Pin ItTests" */;
			buildPhases = (
				94FB58F5F9BC8DEBADE44051 /* [CP] Check Pods Manifest.lock */,
				7391DC8223C655130051A1B9 /* Sources */,
				7391DC8323C655130051A1B9 /* Frameworks */,
				7391DC8423C655130051A1B9 /* Resources */,
			);
			buildRules = (
			);
			dependencies = (
				7391DC8823C655130051A1B9 /* PBXTargetDependency */,
			);
			name = "Pin ItTests";
			productName = "Pin ItTests";
			productReference = 7391DC8623C655130051A1B9 /* Pin ItTests.xctest */;
			productType = "com.apple.product-type.bundle.unit-test";
		};
		7391DC9023C655130051A1B9 /* Pin ItUITests */ = {
			isa = PBXNativeTarget;
			buildConfigurationList = 7391DCA023C655130051A1B9 /* Build configuration list for PBXNativeTarget "Pin ItUITests" */;
			buildPhases = (
				DB3875B3F77DF0799EE3B882 /* [CP] Check Pods Manifest.lock */,
				7391DC8D23C655130051A1B9 /* Sources */,
				7391DC8E23C655130051A1B9 /* Frameworks */,
				7391DC8F23C655130051A1B9 /* Resources */,
				707887FA4BEF32EE9B98B32A /* [CP] Embed Pods Frameworks */,
				751662F88F7A912C3392F1ED /* [CP] Copy Pods Resources */,
			);
			buildRules = (
			);
			dependencies = (
				7391DC9323C655130051A1B9 /* PBXTargetDependency */,
			);
			name = "Pin ItUITests";
			productName = "Pin ItUITests";
			productReference = 7391DC9123C655130051A1B9 /* Pin ItUITests.xctest */;
			productType = "com.apple.product-type.bundle.ui-testing";
		};
/* End PBXNativeTarget section */

/* Begin PBXProject section */
		7391DC6523C655110051A1B9 /* Project object */ = {
			isa = PBXProject;
			attributes = {
				LastSwiftUpdateCheck = 1130;
				LastUpgradeCheck = 1130;
				ORGANIZATIONNAME = AnimatorJoe;
				TargetAttributes = {
					7391DC6C23C655110051A1B9 = {
						CreatedOnToolsVersion = 11.3;
					};
					7391DC8523C655130051A1B9 = {
						CreatedOnToolsVersion = 11.3;
						TestTargetID = 7391DC6C23C655110051A1B9;
					};
					7391DC9023C655130051A1B9 = {
						CreatedOnToolsVersion = 11.3;
						TestTargetID = 7391DC6C23C655110051A1B9;
					};
				};
			};
			buildConfigurationList = 7391DC6823C655110051A1B9 /* Build configuration list for PBXProject "Pin It" */;
			compatibilityVersion = "Xcode 9.3";
			developmentRegion = en;
			hasScannedForEncodings = 0;
			knownRegions = (
				en,
				Base,
			);
			mainGroup = 7391DC6423C655110051A1B9;
			productRefGroup = 7391DC6E23C655110051A1B9 /* Products */;
			projectDirPath = "";
			projectRoot = "";
			targets = (
				7391DC6C23C655110051A1B9 /* Pin It */,
				7391DC8523C655130051A1B9 /* Pin ItTests */,
				7391DC9023C655130051A1B9 /* Pin ItUITests */,
			);
		};
/* End PBXProject section */

/* Begin PBXResourcesBuildPhase section */
		7391DC6B23C655110051A1B9 /* Resources */ = {
			isa = PBXResourcesBuildPhase;
			buildActionMask = 2147483647;
			files = (
				7391DC8023C655130051A1B9 /* LaunchScreen.storyboard in Resources */,
				73E4B5CD23CC15D300A2F636 /* Main.storyboard in Resources */,
				7391DC7D23C655130051A1B9 /* Assets.xcassets in Resources */,
				731C07C023CBD6B900A64054 /* GoogleService-Info.plist in Resources */,
				73013D1123C96426000817E4 /* MiniEntryView.xib in Resources */,
			);
			runOnlyForDeploymentPostprocessing = 0;
		};
		7391DC8423C655130051A1B9 /* Resources */ = {
			isa = PBXResourcesBuildPhase;
			buildActionMask = 2147483647;
			files = (
			);
			runOnlyForDeploymentPostprocessing = 0;
		};
		7391DC8F23C655130051A1B9 /* Resources */ = {
			isa = PBXResourcesBuildPhase;
			buildActionMask = 2147483647;
			files = (
			);
			runOnlyForDeploymentPostprocessing = 0;
		};
/* End PBXResourcesBuildPhase section */

/* Begin PBXShellScriptBuildPhase section */
		06CAEEAD5BAC31EEF79A5EAF /* [CP] Check Pods Manifest.lock */ = {
			isa = PBXShellScriptBuildPhase;
			buildActionMask = 2147483647;
			files = (
			);
			inputFileListPaths = (
			);
			inputPaths = (
				"${PODS_PODFILE_DIR_PATH}/Podfile.lock",
				"${PODS_ROOT}/Manifest.lock",
			);
			name = "[CP] Check Pods Manifest.lock";
			outputFileListPaths = (
			);
			outputPaths = (
				"$(DERIVED_FILE_DIR)/Pods-Pin It-checkManifestLockResult.txt",
			);
			runOnlyForDeploymentPostprocessing = 0;
			shellPath = /bin/sh;
			shellScript = "diff \"${PODS_PODFILE_DIR_PATH}/Podfile.lock\" \"${PODS_ROOT}/Manifest.lock\" > /dev/null\nif [ $? != 0 ] ; then\n    # print error to STDERR\n    echo \"error: The sandbox is not in sync with the Podfile.lock. Run 'pod install' or update your CocoaPods installation.\" >&2\n    exit 1\nfi\n# This output is used by Xcode 'outputs' to avoid re-running this script phase.\necho \"SUCCESS\" > \"${SCRIPT_OUTPUT_FILE_0}\"\n";
			showEnvVarsInLog = 0;
		};
		5AD8BF7B7AF86C190E0ADFD8 /* [CP] Copy Pods Resources */ = {
			isa = PBXShellScriptBuildPhase;
			buildActionMask = 2147483647;
			files = (
			);
			inputFileListPaths = (
				"${PODS_ROOT}/Target Support Files/Pods-Pin It/Pods-Pin It-resources-${CONFIGURATION}-input-files.xcfilelist",
			);
			name = "[CP] Copy Pods Resources";
			outputFileListPaths = (
				"${PODS_ROOT}/Target Support Files/Pods-Pin It/Pods-Pin It-resources-${CONFIGURATION}-output-files.xcfilelist",
			);
			runOnlyForDeploymentPostprocessing = 0;
			shellPath = /bin/sh;
			shellScript = "\"${PODS_ROOT}/Target Support Files/Pods-Pin It/Pods-Pin It-resources.sh\"\n";
			showEnvVarsInLog = 0;
		};
		707887FA4BEF32EE9B98B32A /* [CP] Embed Pods Frameworks */ = {
			isa = PBXShellScriptBuildPhase;
			buildActionMask = 2147483647;
			files = (
			);
			inputFileListPaths = (
				"${PODS_ROOT}/Target Support Files/Pods-Pin It-Pin ItUITests/Pods-Pin It-Pin ItUITests-frameworks-${CONFIGURATION}-input-files.xcfilelist",
			);
			name = "[CP] Embed Pods Frameworks";
			outputFileListPaths = (
				"${PODS_ROOT}/Target Support Files/Pods-Pin It-Pin ItUITests/Pods-Pin It-Pin ItUITests-frameworks-${CONFIGURATION}-output-files.xcfilelist",
			);
			runOnlyForDeploymentPostprocessing = 0;
			shellPath = /bin/sh;
			shellScript = "\"${PODS_ROOT}/Target Support Files/Pods-Pin It-Pin ItUITests/Pods-Pin It-Pin ItUITests-frameworks.sh\"\n";
			showEnvVarsInLog = 0;
		};
		751662F88F7A912C3392F1ED /* [CP] Copy Pods Resources */ = {
			isa = PBXShellScriptBuildPhase;
			buildActionMask = 2147483647;
			files = (
			);
			inputFileListPaths = (
				"${PODS_ROOT}/Target Support Files/Pods-Pin It-Pin ItUITests/Pods-Pin It-Pin ItUITests-resources-${CONFIGURATION}-input-files.xcfilelist",
			);
			name = "[CP] Copy Pods Resources";
			outputFileListPaths = (
				"${PODS_ROOT}/Target Support Files/Pods-Pin It-Pin ItUITests/Pods-Pin It-Pin ItUITests-resources-${CONFIGURATION}-output-files.xcfilelist",
			);
			runOnlyForDeploymentPostprocessing = 0;
			shellPath = /bin/sh;
			shellScript = "\"${PODS_ROOT}/Target Support Files/Pods-Pin It-Pin ItUITests/Pods-Pin It-Pin ItUITests-resources.sh\"\n";
			showEnvVarsInLog = 0;
		};
		94FB58F5F9BC8DEBADE44051 /* [CP] Check Pods Manifest.lock */ = {
			isa = PBXShellScriptBuildPhase;
			buildActionMask = 2147483647;
			files = (
			);
			inputFileListPaths = (
			);
			inputPaths = (
				"${PODS_PODFILE_DIR_PATH}/Podfile.lock",
				"${PODS_ROOT}/Manifest.lock",
			);
			name = "[CP] Check Pods Manifest.lock";
			outputFileListPaths = (
			);
			outputPaths = (
				"$(DERIVED_FILE_DIR)/Pods-Pin ItTests-checkManifestLockResult.txt",
			);
			runOnlyForDeploymentPostprocessing = 0;
			shellPath = /bin/sh;
			shellScript = "diff \"${PODS_PODFILE_DIR_PATH}/Podfile.lock\" \"${PODS_ROOT}/Manifest.lock\" > /dev/null\nif [ $? != 0 ] ; then\n    # print error to STDERR\n    echo \"error: The sandbox is not in sync with the Podfile.lock. Run 'pod install' or update your CocoaPods installation.\" >&2\n    exit 1\nfi\n# This output is used by Xcode 'outputs' to avoid re-running this script phase.\necho \"SUCCESS\" > \"${SCRIPT_OUTPUT_FILE_0}\"\n";
			showEnvVarsInLog = 0;
		};
		D54BC8551AAE0E1A4CA7817D /* [CP] Embed Pods Frameworks */ = {
			isa = PBXShellScriptBuildPhase;
			buildActionMask = 2147483647;
			files = (
			);
			inputFileListPaths = (
				"${PODS_ROOT}/Target Support Files/Pods-Pin It/Pods-Pin It-frameworks-${CONFIGURATION}-input-files.xcfilelist",
			);
			name = "[CP] Embed Pods Frameworks";
			outputFileListPaths = (
				"${PODS_ROOT}/Target Support Files/Pods-Pin It/Pods-Pin It-frameworks-${CONFIGURATION}-output-files.xcfilelist",
			);
			runOnlyForDeploymentPostprocessing = 0;
			shellPath = /bin/sh;
			shellScript = "\"${PODS_ROOT}/Target Support Files/Pods-Pin It/Pods-Pin It-frameworks.sh\"\n";
			showEnvVarsInLog = 0;
		};
		DB3875B3F77DF0799EE3B882 /* [CP] Check Pods Manifest.lock */ = {
			isa = PBXShellScriptBuildPhase;
			buildActionMask = 2147483647;
			files = (
			);
			inputFileListPaths = (
			);
			inputPaths = (
				"${PODS_PODFILE_DIR_PATH}/Podfile.lock",
				"${PODS_ROOT}/Manifest.lock",
			);
			name = "[CP] Check Pods Manifest.lock";
			outputFileListPaths = (
			);
			outputPaths = (
				"$(DERIVED_FILE_DIR)/Pods-Pin It-Pin ItUITests-checkManifestLockResult.txt",
			);
			runOnlyForDeploymentPostprocessing = 0;
			shellPath = /bin/sh;
			shellScript = "diff \"${PODS_PODFILE_DIR_PATH}/Podfile.lock\" \"${PODS_ROOT}/Manifest.lock\" > /dev/null\nif [ $? != 0 ] ; then\n    # print error to STDERR\n    echo \"error: The sandbox is not in sync with the Podfile.lock. Run 'pod install' or update your CocoaPods installation.\" >&2\n    exit 1\nfi\n# This output is used by Xcode 'outputs' to avoid re-running this script phase.\necho \"SUCCESS\" > \"${SCRIPT_OUTPUT_FILE_0}\"\n";
			showEnvVarsInLog = 0;
		};
/* End PBXShellScriptBuildPhase section */

/* Begin PBXSourcesBuildPhase section */
		7391DC6923C655110051A1B9 /* Sources */ = {
			isa = PBXSourcesBuildPhase;
			buildActionMask = 2147483647;
			files = (
				73013D0323C93C7B000817E4 /* Entry.swift in Sources */,
				7391DC7523C655110051A1B9 /* MapViewController.swift in Sources */,
				73013D0523C93CA8000817E4 /* EntriesManager.swift in Sources */,
				731C07B523CB9C6600A64054 /* UITextViewPlaceholder.swift in Sources */,
				73E2A8582412F99D00DA397B /* ImageRow.swift in Sources */,
				7399026423CE190400A10A18 /* ProfileViewController.swift in Sources */,
				739638BE23C83E3200DB4D8B /* MakePostViewController.swift in Sources */,
				73013D1D23C970DD000817E4 /* UIImageExtension.swift in Sources */,
				73E2A7972412E52300DA397B /* LocationRow.swift in Sources */,
				732C024A23CB832C00A512FC /* DetailedEntryViewController.swift in Sources */,
				7391DC7123C655110051A1B9 /* AppDelegate.swift in Sources */,
				73013D1323C9644A000817E4 /* MiniEntryViewModel.swift in Sources */,
				7341C9C423C995130019CC6B /* MiniEntryView.swift in Sources */,
				73E2A8592412F99D00DA397B /* ImagePickerController.swift in Sources */,
				731C07BA23CBCDA500A64054 /* AuthViewController.swift in Sources */,
				731C07B823CBBE2000A64054 /* QueryConfig.swift in Sources */,
				732C024C23CB895C00A512FC /* UILabelExtension.swift in Sources */,
			);
			runOnlyForDeploymentPostprocessing = 0;
		};
		7391DC8223C655130051A1B9 /* Sources */ = {
			isa = PBXSourcesBuildPhase;
			buildActionMask = 2147483647;
			files = (
				7391DC8B23C655130051A1B9 /* Pin_ItTests.swift in Sources */,
			);
			runOnlyForDeploymentPostprocessing = 0;
		};
		7391DC8D23C655130051A1B9 /* Sources */ = {
			isa = PBXSourcesBuildPhase;
			buildActionMask = 2147483647;
			files = (
				7391DC9623C655130051A1B9 /* Pin_ItUITests.swift in Sources */,
			);
			runOnlyForDeploymentPostprocessing = 0;
		};
/* End PBXSourcesBuildPhase section */

/* Begin PBXTargetDependency section */
		7391DC8823C655130051A1B9 /* PBXTargetDependency */ = {
			isa = PBXTargetDependency;
			target = 7391DC6C23C655110051A1B9 /* Pin It */;
			targetProxy = 7391DC8723C655130051A1B9 /* PBXContainerItemProxy */;
		};
		7391DC9323C655130051A1B9 /* PBXTargetDependency */ = {
			isa = PBXTargetDependency;
			target = 7391DC6C23C655110051A1B9 /* Pin It */;
			targetProxy = 7391DC9223C655130051A1B9 /* PBXContainerItemProxy */;
		};
/* End PBXTargetDependency section */

/* Begin PBXVariantGroup section */
		7391DC7623C655110051A1B9 /* Main.storyboard */ = {
			isa = PBXVariantGroup;
			children = (
				7391DC7723C655110051A1B9 /* Base */,
			);
			name = Main.storyboard;
			sourceTree = "<group>";
		};
		7391DC7E23C655130051A1B9 /* LaunchScreen.storyboard */ = {
			isa = PBXVariantGroup;
			children = (
				7391DC7F23C655130051A1B9 /* Base */,
			);
			name = LaunchScreen.storyboard;
			sourceTree = "<group>";
		};
/* End PBXVariantGroup section */

/* Begin XCBuildConfiguration section */
		7391DC9823C655130051A1B9 /* Debug */ = {
			isa = XCBuildConfiguration;
			buildSettings = {
				ALWAYS_SEARCH_USER_PATHS = NO;
				CLANG_ANALYZER_NONNULL = YES;
				CLANG_ANALYZER_NUMBER_OBJECT_CONVERSION = YES_AGGRESSIVE;
				CLANG_CXX_LANGUAGE_STANDARD = "gnu++14";
				CLANG_CXX_LIBRARY = "libc++";
				CLANG_ENABLE_MODULES = YES;
				CLANG_ENABLE_OBJC_ARC = YES;
				CLANG_ENABLE_OBJC_WEAK = YES;
				CLANG_WARN_BLOCK_CAPTURE_AUTORELEASING = YES;
				CLANG_WARN_BOOL_CONVERSION = YES;
				CLANG_WARN_COMMA = YES;
				CLANG_WARN_CONSTANT_CONVERSION = YES;
				CLANG_WARN_DEPRECATED_OBJC_IMPLEMENTATIONS = YES;
				CLANG_WARN_DIRECT_OBJC_ISA_USAGE = YES_ERROR;
				CLANG_WARN_DOCUMENTATION_COMMENTS = YES;
				CLANG_WARN_EMPTY_BODY = YES;
				CLANG_WARN_ENUM_CONVERSION = YES;
				CLANG_WARN_INFINITE_RECURSION = YES;
				CLANG_WARN_INT_CONVERSION = YES;
				CLANG_WARN_NON_LITERAL_NULL_CONVERSION = YES;
				CLANG_WARN_OBJC_IMPLICIT_RETAIN_SELF = YES;
				CLANG_WARN_OBJC_LITERAL_CONVERSION = YES;
				CLANG_WARN_OBJC_ROOT_CLASS = YES_ERROR;
				CLANG_WARN_RANGE_LOOP_ANALYSIS = YES;
				CLANG_WARN_STRICT_PROTOTYPES = YES;
				CLANG_WARN_SUSPICIOUS_MOVE = YES;
				CLANG_WARN_UNGUARDED_AVAILABILITY = YES_AGGRESSIVE;
				CLANG_WARN_UNREACHABLE_CODE = YES;
				CLANG_WARN__DUPLICATE_METHOD_MATCH = YES;
				COPY_PHASE_STRIP = NO;
				DEBUG_INFORMATION_FORMAT = dwarf;
				ENABLE_STRICT_OBJC_MSGSEND = YES;
				ENABLE_TESTABILITY = YES;
				GCC_C_LANGUAGE_STANDARD = gnu11;
				GCC_DYNAMIC_NO_PIC = NO;
				GCC_NO_COMMON_BLOCKS = YES;
				GCC_OPTIMIZATION_LEVEL = 0;
				GCC_PREPROCESSOR_DEFINITIONS = (
					"DEBUG=1",
					"$(inherited)",
				);
				GCC_WARN_64_TO_32_BIT_CONVERSION = YES;
				GCC_WARN_ABOUT_RETURN_TYPE = YES_ERROR;
				GCC_WARN_UNDECLARED_SELECTOR = YES;
				GCC_WARN_UNINITIALIZED_AUTOS = YES_AGGRESSIVE;
				GCC_WARN_UNUSED_FUNCTION = YES;
				GCC_WARN_UNUSED_VARIABLE = YES;
				IPHONEOS_DEPLOYMENT_TARGET = 13.2;
				MTL_ENABLE_DEBUG_INFO = INCLUDE_SOURCE;
				MTL_FAST_MATH = YES;
				ONLY_ACTIVE_ARCH = YES;
				SDKROOT = iphoneos;
				SWIFT_ACTIVE_COMPILATION_CONDITIONS = DEBUG;
				SWIFT_OPTIMIZATION_LEVEL = "-Onone";
			};
			name = Debug;
		};
		7391DC9923C655130051A1B9 /* Release */ = {
			isa = XCBuildConfiguration;
			buildSettings = {
				ALWAYS_SEARCH_USER_PATHS = NO;
				CLANG_ANALYZER_NONNULL = YES;
				CLANG_ANALYZER_NUMBER_OBJECT_CONVERSION = YES_AGGRESSIVE;
				CLANG_CXX_LANGUAGE_STANDARD = "gnu++14";
				CLANG_CXX_LIBRARY = "libc++";
				CLANG_ENABLE_MODULES = YES;
				CLANG_ENABLE_OBJC_ARC = YES;
				CLANG_ENABLE_OBJC_WEAK = YES;
				CLANG_WARN_BLOCK_CAPTURE_AUTORELEASING = YES;
				CLANG_WARN_BOOL_CONVERSION = YES;
				CLANG_WARN_COMMA = YES;
				CLANG_WARN_CONSTANT_CONVERSION = YES;
				CLANG_WARN_DEPRECATED_OBJC_IMPLEMENTATIONS = YES;
				CLANG_WARN_DIRECT_OBJC_ISA_USAGE = YES_ERROR;
				CLANG_WARN_DOCUMENTATION_COMMENTS = YES;
				CLANG_WARN_EMPTY_BODY = YES;
				CLANG_WARN_ENUM_CONVERSION = YES;
				CLANG_WARN_INFINITE_RECURSION = YES;
				CLANG_WARN_INT_CONVERSION = YES;
				CLANG_WARN_NON_LITERAL_NULL_CONVERSION = YES;
				CLANG_WARN_OBJC_IMPLICIT_RETAIN_SELF = YES;
				CLANG_WARN_OBJC_LITERAL_CONVERSION = YES;
				CLANG_WARN_OBJC_ROOT_CLASS = YES_ERROR;
				CLANG_WARN_RANGE_LOOP_ANALYSIS = YES;
				CLANG_WARN_STRICT_PROTOTYPES = YES;
				CLANG_WARN_SUSPICIOUS_MOVE = YES;
				CLANG_WARN_UNGUARDED_AVAILABILITY = YES_AGGRESSIVE;
				CLANG_WARN_UNREACHABLE_CODE = YES;
				CLANG_WARN__DUPLICATE_METHOD_MATCH = YES;
				COPY_PHASE_STRIP = NO;
				DEBUG_INFORMATION_FORMAT = "dwarf-with-dsym";
				ENABLE_NS_ASSERTIONS = NO;
				ENABLE_STRICT_OBJC_MSGSEND = YES;
				GCC_C_LANGUAGE_STANDARD = gnu11;
				GCC_NO_COMMON_BLOCKS = YES;
				GCC_WARN_64_TO_32_BIT_CONVERSION = YES;
				GCC_WARN_ABOUT_RETURN_TYPE = YES_ERROR;
				GCC_WARN_UNDECLARED_SELECTOR = YES;
				GCC_WARN_UNINITIALIZED_AUTOS = YES_AGGRESSIVE;
				GCC_WARN_UNUSED_FUNCTION = YES;
				GCC_WARN_UNUSED_VARIABLE = YES;
				IPHONEOS_DEPLOYMENT_TARGET = 13.2;
				MTL_ENABLE_DEBUG_INFO = NO;
				MTL_FAST_MATH = YES;
				SDKROOT = iphoneos;
				SWIFT_COMPILATION_MODE = wholemodule;
				SWIFT_OPTIMIZATION_LEVEL = "-O";
				VALIDATE_PRODUCT = YES;
			};
			name = Release;
		};
		7391DC9B23C655130051A1B9 /* Debug */ = {
			isa = XCBuildConfiguration;
			baseConfigurationReference = 3BCC5DDABC02C46FE888AF18 /* Pods-Pin It.debug.xcconfig */;
			buildSettings = {
				ASSETCATALOG_COMPILER_APPICON_NAME = AppIcon;
				CODE_SIGN_STYLE = Automatic;
				DEVELOPMENT_TEAM = 9SR8L2XE3A;
				INFOPLIST_FILE = "Pin It/Info.plist";
				IPHONEOS_DEPLOYMENT_TARGET = 13.0;
				LD_RUNPATH_SEARCH_PATHS = (
					"$(inherited)",
					"@executable_path/Frameworks",
				);
				PRODUCT_BUNDLE_IDENTIFIER = "com.animatorjoe.Pin-It";
				PRODUCT_NAME = "$(TARGET_NAME)";
				SWIFT_VERSION = 5.0;
				TARGETED_DEVICE_FAMILY = "1,2";
			};
			name = Debug;
		};
		7391DC9C23C655130051A1B9 /* Release */ = {
			isa = XCBuildConfiguration;
			baseConfigurationReference = B1ECC99E4C6AC49DF6334AF0 /* Pods-Pin It.release.xcconfig */;
			buildSettings = {
				ASSETCATALOG_COMPILER_APPICON_NAME = AppIcon;
				CODE_SIGN_STYLE = Automatic;
				DEVELOPMENT_TEAM = 9SR8L2XE3A;
				INFOPLIST_FILE = "Pin It/Info.plist";
				IPHONEOS_DEPLOYMENT_TARGET = 13.0;
				LD_RUNPATH_SEARCH_PATHS = (
					"$(inherited)",
					"@executable_path/Frameworks",
				);
				PRODUCT_BUNDLE_IDENTIFIER = "com.animatorjoe.Pin-It";
				PRODUCT_NAME = "$(TARGET_NAME)";
				SWIFT_VERSION = 5.0;
				TARGETED_DEVICE_FAMILY = "1,2";
			};
			name = Release;
		};
		7391DC9E23C655130051A1B9 /* Debug */ = {
			isa = XCBuildConfiguration;
			baseConfigurationReference = FB68E580FC81E01D9D29A5AA /* Pods-Pin ItTests.debug.xcconfig */;
			buildSettings = {
				ALWAYS_EMBED_SWIFT_STANDARD_LIBRARIES = YES;
				BUNDLE_LOADER = "$(TEST_HOST)";
				CODE_SIGN_STYLE = Automatic;
				DEVELOPMENT_TEAM = 9SR8L2XE3A;
				INFOPLIST_FILE = "Pin ItTests/Info.plist";
				IPHONEOS_DEPLOYMENT_TARGET = 13.2;
				LD_RUNPATH_SEARCH_PATHS = (
					"$(inherited)",
					"@executable_path/Frameworks",
					"@loader_path/Frameworks",
				);
				PRODUCT_BUNDLE_IDENTIFIER = "com.animatorjoe.Pin-ItTests";
				PRODUCT_NAME = "$(TARGET_NAME)";
				SWIFT_VERSION = 5.0;
				TARGETED_DEVICE_FAMILY = "1,2";
				TEST_HOST = "$(BUILT_PRODUCTS_DIR)/Pin It.app/Pin It";
			};
			name = Debug;
		};
		7391DC9F23C655130051A1B9 /* Release */ = {
			isa = XCBuildConfiguration;
			baseConfigurationReference = F61C2F0E7D0CEA337BC6DB5D /* Pods-Pin ItTests.release.xcconfig */;
			buildSettings = {
				ALWAYS_EMBED_SWIFT_STANDARD_LIBRARIES = YES;
				BUNDLE_LOADER = "$(TEST_HOST)";
				CODE_SIGN_STYLE = Automatic;
				DEVELOPMENT_TEAM = 9SR8L2XE3A;
				INFOPLIST_FILE = "Pin ItTests/Info.plist";
				IPHONEOS_DEPLOYMENT_TARGET = 13.2;
				LD_RUNPATH_SEARCH_PATHS = (
					"$(inherited)",
					"@executable_path/Frameworks",
					"@loader_path/Frameworks",
				);
				PRODUCT_BUNDLE_IDENTIFIER = "com.animatorjoe.Pin-ItTests";
				PRODUCT_NAME = "$(TARGET_NAME)";
				SWIFT_VERSION = 5.0;
				TARGETED_DEVICE_FAMILY = "1,2";
				TEST_HOST = "$(BUILT_PRODUCTS_DIR)/Pin It.app/Pin It";
			};
			name = Release;
		};
		7391DCA123C655130051A1B9 /* Debug */ = {
			isa = XCBuildConfiguration;
			baseConfigurationReference = 380576F1F6572B3C19292535 /* Pods-Pin It-Pin ItUITests.debug.xcconfig */;
			buildSettings = {
				ALWAYS_EMBED_SWIFT_STANDARD_LIBRARIES = YES;
				CODE_SIGN_STYLE = Automatic;
				DEVELOPMENT_TEAM = 9SR8L2XE3A;
				INFOPLIST_FILE = "Pin ItUITests/Info.plist";
				LD_RUNPATH_SEARCH_PATHS = (
					"$(inherited)",
					"@executable_path/Frameworks",
					"@loader_path/Frameworks",
				);
				PRODUCT_BUNDLE_IDENTIFIER = "com.animatorjoe.Pin-ItUITests";
				PRODUCT_NAME = "$(TARGET_NAME)";
				SWIFT_VERSION = 5.0;
				TARGETED_DEVICE_FAMILY = "1,2";
				TEST_TARGET_NAME = "Pin It";
			};
			name = Debug;
		};
		7391DCA223C655130051A1B9 /* Release */ = {
			isa = XCBuildConfiguration;
			baseConfigurationReference = 5921119ACDAA0C424EA818A2 /* Pods-Pin It-Pin ItUITests.release.xcconfig */;
			buildSettings = {
				ALWAYS_EMBED_SWIFT_STANDARD_LIBRARIES = YES;
				CODE_SIGN_STYLE = Automatic;
				DEVELOPMENT_TEAM = 9SR8L2XE3A;
				INFOPLIST_FILE = "Pin ItUITests/Info.plist";
				LD_RUNPATH_SEARCH_PATHS = (
					"$(inherited)",
					"@executable_path/Frameworks",
					"@loader_path/Frameworks",
				);
				PRODUCT_BUNDLE_IDENTIFIER = "com.animatorjoe.Pin-ItUITests";
				PRODUCT_NAME = "$(TARGET_NAME)";
				SWIFT_VERSION = 5.0;
				TARGETED_DEVICE_FAMILY = "1,2";
				TEST_TARGET_NAME = "Pin It";
			};
			name = Release;
		};
/* End XCBuildConfiguration section */

/* Begin XCConfigurationList section */
		7391DC6823C655110051A1B9 /* Build configuration list for PBXProject "Pin It" */ = {
			isa = XCConfigurationList;
			buildConfigurations = (
				7391DC9823C655130051A1B9 /* Debug */,
				7391DC9923C655130051A1B9 /* Release */,
			);
			defaultConfigurationIsVisible = 0;
			defaultConfigurationName = Release;
		};
		7391DC9A23C655130051A1B9 /* Build configuration list for PBXNativeTarget "Pin It" */ = {
			isa = XCConfigurationList;
			buildConfigurations = (
				7391DC9B23C655130051A1B9 /* Debug */,
				7391DC9C23C655130051A1B9 /* Release */,
			);
			defaultConfigurationIsVisible = 0;
			defaultConfigurationName = Release;
		};
		7391DC9D23C655130051A1B9 /* Build configuration list for PBXNativeTarget "Pin ItTests" */ = {
			isa = XCConfigurationList;
			buildConfigurations = (
				7391DC9E23C655130051A1B9 /* Debug */,
				7391DC9F23C655130051A1B9 /* Release */,
			);
			defaultConfigurationIsVisible = 0;
			defaultConfigurationName = Release;
		};
		7391DCA023C655130051A1B9 /* Build configuration list for PBXNativeTarget "Pin ItUITests" */ = {
			isa = XCConfigurationList;
			buildConfigurations = (
				7391DCA123C655130051A1B9 /* Debug */,
				7391DCA223C655130051A1B9 /* Release */,
			);
			defaultConfigurationIsVisible = 0;
			defaultConfigurationName = Release;
		};
/* End XCConfigurationList section */
	};
	rootObject = 7391DC6523C655110051A1B9 /* Project object */;
}
